
Microsoft Visual Studio Solution File, Format Version 12.00
# Visual Studio Version 17
VisualStudioVersion = 17.7.34009.444
MinimumVisualStudioVersion = 10.0.40219.1
Project("{FAE04EC0-301F-11D3-BF4B-00C04F79EFBC}") = "MVC_ITI_Project", "MVC_ITI_Project\MVC_ITI_Project.csproj", "{4EB7C1A6-3890-4965-8E14-531D6779FCFE}"
EndProject
Global
	GlobalSection(SolutionConfigurationPlatforms) = preSolution
		Debug|Any CPU = Debug|Any CPU
		Release|Any CPU = Release|Any CPU
	EndGlobalSection
	GlobalSection(ProjectConfigurationPlatforms) = postSolution
		{4EB7C1A6-3890-4965-8E14-531D6779FCFE}.Debug|Any CPU.ActiveCfg = Debug|Any CPU
		{4EB7C1A6-3890-4965-8E14-531D6779FCFE}.Debug|Any CPU.Build.0 = Debug|Any CPU
		{4EB7C1A6-3890-4965-8E14-531D6779FCFE}.Release|Any CPU.ActiveCfg = Release|Any CPU
		{4EB7C1A6-3890-4965-8E14-531D6779FCFE}.Release|Any CPU.Build.0 = Release|Any CPU
	EndGlobalSection
	GlobalSection(SolutionProperties) = preSolution
		HideSolutionNode = FALSE
	EndGlobalSection
	GlobalSection(ExtensibilityGlobals) = postSolution
		SolutionGuid = {0CEA244B-1C20-4DAD-9395-F831FA9D5AB6}
	EndGlobalSection
EndGlobal
